
Microsoft Visual Studio Solution File, Format Version 12.00
# Visual Studio 15
VisualStudioVersion = 15.0.27428.2005
MinimumVisualStudioVersion = 10.0.40219.1
Project("{FAE04EC0-301F-11D3-BF4B-00C04F79EFBC}") = "TrueConnectInterface", "TrueConnectInterface\TrueConnectInterface.csproj", "{65F22B27-AD7B-483A-B6DD-F37944896B9F}"
EndProject
Global
	GlobalSection(SolutionConfigurationPlatforms) = preSolution
		Debug|Any CPU = Debug|Any CPU
		Release|Any CPU = Release|Any CPU
	EndGlobalSection
	GlobalSection(ProjectConfigurationPlatforms) = postSolution
		{65F22B27-AD7B-483A-B6DD-F37944896B9F}.Debug|Any CPU.ActiveCfg = Debug|Any CPU
		{65F22B27-AD7B-483A-B6DD-F37944896B9F}.Debug|Any CPU.Build.0 = Debug|Any CPU
		{65F22B27-AD7B-483A-B6DD-F37944896B9F}.Release|Any CPU.ActiveCfg = Release|Any CPU
		{65F22B27-AD7B-483A-B6DD-F37944896B9F}.Release|Any CPU.Build.0 = Release|Any CPU
	EndGlobalSection
	GlobalSection(SolutionProperties) = preSolution
		HideSolutionNode = FALSE
	EndGlobalSection
	GlobalSection(ExtensibilityGlobals) = postSolution
		SolutionGuid = {FB1020EE-9949-4391-8A39-9165E366113C}
	EndGlobalSection
EndGlobal
